
Microsoft Visual Studio Solution File, Format Version 11.00
# Visual Studio 2010
Project("{FAE04EC0-301F-11D3-BF4B-00C04F79EFBC}") = "Assembly-CSharp", "Assembly-CSharp.csproj", "{87556C23-BE9D-71E2-A8A0-D1BA413241C9}"
EndProject
Global
	GlobalSection(SolutionConfigurationPlatforms) = preSolution
		Debug|Any CPU = Debug|Any CPU
		Release|Any CPU = Release|Any CPU
	EndGlobalSection
	GlobalSection(ProjectConfigurationPlatforms) = postSolution
		{87556C23-BE9D-71E2-A8A0-D1BA413241C9}.Debug|Any CPU.ActiveCfg = Debug|Any CPU
		{87556C23-BE9D-71E2-A8A0-D1BA413241C9}.Debug|Any CPU.Build.0 = Debug|Any CPU
		{87556C23-BE9D-71E2-A8A0-D1BA413241C9}.Release|Any CPU.ActiveCfg = Release|Any CPU
		{87556C23-BE9D-71E2-A8A0-D1BA413241C9}.Release|Any CPU.Build.0 = Release|Any CPU
	EndGlobalSection
	GlobalSection(SolutionProperties) = preSolution
		HideSolutionNode = FALSE
	EndGlobalSection
EndGlobal
